
Microsoft Visual Studio Solution File, Format Version 12.00
# Visual Studio Version 17
VisualStudioVersion = 17.11.35327.3
MinimumVisualStudioVersion = 10.0.40219.1
Project("{8BC9CEB8-8B4A-11D0-8D11-00A0C91BC942}") = "MS549 Week 1 Assignment", "MS549 Week 1 Assignment.vcxproj", "{25374E5A-43B0-4C6B-8A92-47D92B80CD62}"
EndProject
Global
	GlobalSection(SolutionConfigurationPlatforms) = preSolution
		Debug|x64 = Debug|x64
		Debug|x86 = Debug|x86
		Release|x64 = Release|x64
		Release|x86 = Release|x86
	EndGlobalSection
	GlobalSection(ProjectConfigurationPlatforms) = postSolution
		{25374E5A-43B0-4C6B-8A92-47D92B80CD62}.Debug|x64.ActiveCfg = Debug|x64
		{25374E5A-43B0-4C6B-8A92-47D92B80CD62}.Debug|x64.Build.0 = Debug|x64
		{25374E5A-43B0-4C6B-8A92-47D92B80CD62}.Debug|x86.ActiveCfg = Debug|Win32
		{25374E5A-43B0-4C6B-8A92-47D92B80CD62}.Debug|x86.Build.0 = Debug|Win32
		{25374E5A-43B0-4C6B-8A92-47D92B80CD62}.Release|x64.ActiveCfg = Release|x64
		{25374E5A-43B0-4C6B-8A92-47D92B80CD62}.Release|x64.Build.0 = Release|x64
		{25374E5A-43B0-4C6B-8A92-47D92B80CD62}.Release|x86.ActiveCfg = Release|Win32
		{25374E5A-43B0-4C6B-8A92-47D92B80CD62}.Release|x86.Build.0 = Release|Win32
	EndGlobalSection
	GlobalSection(SolutionProperties) = preSolution
		HideSolutionNode = FALSE
	EndGlobalSection
	GlobalSection(ExtensibilityGlobals) = postSolution
		SolutionGuid = {1FB3441E-4A48-4C60-B2B1-BBE9321E91A3}
	EndGlobalSection
EndGlobal
